// !$*UTF8*$!
{
	archiveVersion = 1;
	classes = {
	};
	objectVersion = 55;
	objects = {

/* Begin PBXBuildFile section */
		CE589E452867B6C10001324C /* Realm in Frameworks */ = {isa = PBXBuildFile; productRef = CE589E442867B6C10001324C /* Realm */; };
		CE589E472867B6C10001324C /* RealmSwift in Frameworks */ = {isa = PBXBuildFile; productRef = CE589E462867B6C10001324C /* RealmSwift */; };
		CEBC43EB28654F1E00B6BC82 /* AppDelegate.swift in Sources */ = {isa = PBXBuildFile; fileRef = CEBC43EA28654F1E00B6BC82 /* AppDelegate.swift */; };
		CEBC43ED28654F1E00B6BC82 /* SceneDelegate.swift in Sources */ = {isa = PBXBuildFile; fileRef = CEBC43EC28654F1E00B6BC82 /* SceneDelegate.swift */; };
		CEBC43F228654F1E00B6BC82 /* Main.storyboard in Resources */ = {isa = PBXBuildFile; fileRef = CEBC43F028654F1E00B6BC82 /* Main.storyboard */; };
		CEBC43F428654F2000B6BC82 /* Assets.xcassets in Resources */ = {isa = PBXBuildFile; fileRef = CEBC43F328654F2000B6BC82 /* Assets.xcassets */; };
		CEBC43F728654F2000B6BC82 /* LaunchScreen.storyboard in Resources */ = {isa = PBXBuildFile; fileRef = CEBC43F528654F2000B6BC82 /* LaunchScreen.storyboard */; };
		CEDAA31728667A4A003F96F8 /* ParentItemViewController.swift in Sources */ = {isa = PBXBuildFile; fileRef = CEDAA31628667A4A003F96F8 /* ParentItemViewController.swift */; };
		CEDAA31928667AFA003F96F8 /* ChildItemViewController.swift in Sources */ = {isa = PBXBuildFile; fileRef = CEDAA31828667AFA003F96F8 /* ChildItemViewController.swift */; };
		CEDAA31C28667C0A003F96F8 /* ParentItem.swift in Sources */ = {isa = PBXBuildFile; fileRef = CEDAA31B28667C0A003F96F8 /* ParentItem.swift */; };
		CEDAA32328667E30003F96F8 /* ChildItem.swift in Sources */ = {isa = PBXBuildFile; fileRef = CEDAA32228667E30003F96F8 /* ChildItem.swift */; };
/* End PBXBuildFile section */

/* Begin PBXFileReference section */
		CEBC43E728654F1E00B6BC82 /* List-Maker.app */ = {isa = PBXFileReference; explicitFileType = wrapper.application; includeInIndex = 0; path = "List-Maker.app"; sourceTree = BUILT_PRODUCTS_DIR; };
		CEBC43EA28654F1E00B6BC82 /* AppDelegate.swift */ = {isa = PBXFileReference; lastKnownFileType = sourcecode.swift; path = AppDelegate.swift; sourceTree = "<group>"; };
		CEBC43EC28654F1E00B6BC82 /* SceneDelegate.swift */ = {isa = PBXFileReference; lastKnownFileType = sourcecode.swift; path = SceneDelegate.swift; sourceTree = "<group>"; };
		CEBC43F128654F1E00B6BC82 /* Base */ = {isa = PBXFileReference; lastKnownFileType = file.storyboard; name = Base; path = Base.lproj/Main.storyboard; sourceTree = "<group>"; };
		CEBC43F328654F2000B6BC82 /* Assets.xcassets */ = {isa = PBXFileReference; lastKnownFileType = folder.assetcatalog; path = Assets.xcassets; sourceTree = "<group>"; };
		CEBC43F628654F2000B6BC82 /* Base */ = {isa = PBXFileReference; lastKnownFileType = file.storyboard; name = Base; path = Base.lproj/LaunchScreen.storyboard; sourceTree = "<group>"; };
		CEBC43F828654F2000B6BC82 /* Info.plist */ = {isa = PBXFileReference; lastKnownFileType = text.plist.xml; path = Info.plist; sourceTree = "<group>"; };
		CEDAA31628667A4A003F96F8 /* ParentItemViewController.swift */ = {isa = PBXFileReference; lastKnownFileType = sourcecode.swift; path = ParentItemViewController.swift; sourceTree = "<group>"; };
		CEDAA31828667AFA003F96F8 /* ChildItemViewController.swift */ = {isa = PBXFileReference; lastKnownFileType = sourcecode.swift; path = ChildItemViewController.swift; sourceTree = "<group>"; };
		CEDAA31B28667C0A003F96F8 /* ParentItem.swift */ = {isa = PBXFileReference; lastKnownFileType = sourcecode.swift; path = ParentItem.swift; sourceTree = "<group>"; };
		CEDAA32228667E30003F96F8 /* ChildItem.swift */ = {isa = PBXFileReference; lastKnownFileType = sourcecode.swift; path = ChildItem.swift; sourceTree = "<group>"; };
/* End PBXFileReference section */

/* Begin PBXFrameworksBuildPhase section */
		CEBC43E428654F1E00B6BC82 /* Frameworks */ = {
			isa = PBXFrameworksBuildPhase;
			buildActionMask = 2147483647;
			files = (
				CE589E472867B6C10001324C /* RealmSwift in Frameworks */,
				CE589E452867B6C10001324C /* Realm in Frameworks */,
			);
			runOnlyForDeploymentPostprocessing = 0;
		};
/* End PBXFrameworksBuildPhase section */

/* Begin PBXGroup section */
		CEBC43DE28654F1E00B6BC82 = {
			isa = PBXGroup;
			children = (
				CEBC43E928654F1E00B6BC82 /* List-Maker */,
				CEBC43E828654F1E00B6BC82 /* Products */,
			);
			sourceTree = "<group>";
		};
		CEBC43E828654F1E00B6BC82 /* Products */ = {
			isa = PBXGroup;
			children = (
				CEBC43E728654F1E00B6BC82 /* List-Maker.app */,
			);
			name = Products;
			sourceTree = "<group>";
		};
		CEBC43E928654F1E00B6BC82 /* List-Maker */ = {
			isa = PBXGroup;
			children = (
				CEDAA31A28667BE7003F96F8 /* Models */,
				CEDAA314286678B0003F96F8 /* Views */,
				CEDAA31528667A27003F96F8 /* Controllers */,
				CEBC43EA28654F1E00B6BC82 /* AppDelegate.swift */,
				CEBC43EC28654F1E00B6BC82 /* SceneDelegate.swift */,
				CEBC43F328654F2000B6BC82 /* Assets.xcassets */,
				CEBC43F828654F2000B6BC82 /* Info.plist */,
			);
			path = "List-Maker";
			sourceTree = "<group>";
		};
		CEDAA314286678B0003F96F8 /* Views */ = {
			isa = PBXGroup;
			children = (
				CEBC43F528654F2000B6BC82 /* LaunchScreen.storyboard */,
				CEBC43F028654F1E00B6BC82 /* Main.storyboard */,
			);
			path = Views;
			sourceTree = "<group>";
		};
		CEDAA31528667A27003F96F8 /* Controllers */ = {
			isa = PBXGroup;
			children = (
				CEDAA31628667A4A003F96F8 /* ParentItemViewController.swift */,
				CEDAA31828667AFA003F96F8 /* ChildItemViewController.swift */,
			);
			path = Controllers;
			sourceTree = "<group>";
		};
		CEDAA31A28667BE7003F96F8 /* Models */ = {
			isa = PBXGroup;
			children = (
				CEDAA31B28667C0A003F96F8 /* ParentItem.swift */,
				CEDAA32228667E30003F96F8 /* ChildItem.swift */,
			);
			path = Models;
			sourceTree = "<group>";
		};
/* End PBXGroup section */

/* Begin PBXNativeTarget section */
		CEBC43E628654F1E00B6BC82 /* List-Maker */ = {
			isa = PBXNativeTarget;
			buildConfigurationList = CEBC43FB28654F2000B6BC82 /* Build configuration list for PBXNativeTarget "List-Maker" */;
			buildPhases = (
				CEBC43E328654F1E00B6BC82 /* Sources */,
				CEBC43E428654F1E00B6BC82 /* Frameworks */,
				CEBC43E528654F1E00B6BC82 /* Resources */,
			);
			buildRules = (
			);
			dependencies = (
			);
			name = "List-Maker";
			packageProductDependencies = (
				CE589E442867B6C10001324C /* Realm */,
				CE589E462867B6C10001324C /* RealmSwift */,
			);
			productName = "ListMaker(Storyboard)";
			productReference = CEBC43E728654F1E00B6BC82 /* List-Maker.app */;
			productType = "com.apple.product-type.application";
		};
/* End PBXNativeTarget section */

/* Begin PBXProject section */
		CEBC43DF28654F1E00B6BC82 /* Project object */ = {
			isa = PBXProject;
			attributes = {
				BuildIndependentTargetsInParallel = 1;
				LastSwiftUpdateCheck = 1330;
				LastUpgradeCheck = 1330;
				TargetAttributes = {
					CEBC43E628654F1E00B6BC82 = {
						CreatedOnToolsVersion = 13.3.1;
					};
				};
			};
			buildConfigurationList = CEBC43E228654F1E00B6BC82 /* Build configuration list for PBXProject "List-Maker" */;
			compatibilityVersion = "Xcode 13.0";
			developmentRegion = en;
			hasScannedForEncodings = 0;
			knownRegions = (
				en,
				Base,
			);
			mainGroup = CEBC43DE28654F1E00B6BC82;
			packageReferences = (
				CE589E432867B6C10001324C /* XCRemoteSwiftPackageReference "realm-swift" */,
			);
			productRefGroup = CEBC43E828654F1E00B6BC82 /* Products */;
			projectDirPath = "";
			projectRoot = "";
			targets = (
				CEBC43E628654F1E00B6BC82 /* List-Maker */,
			);
		};
/* End PBXProject section */

/* Begin PBXResourcesBuildPhase section */
		CEBC43E528654F1E00B6BC82 /* Resources */ = {
			isa = PBXResourcesBuildPhase;
			buildActionMask = 2147483647;
			files = (
				CEBC43F728654F2000B6BC82 /* LaunchScreen.storyboard in Resources */,
				CEBC43F428654F2000B6BC82 /* Assets.xcassets in Resources */,
				CEBC43F228654F1E00B6BC82 /* Main.storyboard in Resources */,
			);
			runOnlyForDeploymentPostprocessing = 0;
		};
/* End PBXResourcesBuildPhase section */

/* Begin PBXSourcesBuildPhase section */
		CEBC43E328654F1E00B6BC82 /* Sources */ = {
			isa = PBXSourcesBuildPhase;
			buildActionMask = 2147483647;
			files = (
				CEBC43EB28654F1E00B6BC82 /* AppDelegate.swift in Sources */,
				CEDAA32328667E30003F96F8 /* ChildItem.swift in Sources */,
				CEBC43ED28654F1E00B6BC82 /* SceneDelegate.swift in Sources */,
				CEDAA31928667AFA003F96F8 /* ChildItemViewController.swift in Sources */,
				CEDAA31C28667C0A003F96F8 /* ParentItem.swift in Sources */,
				CEDAA31728667A4A003F96F8 /* ParentItemViewController.swift in Sources */,
			);
			runOnlyForDeploymentPostprocessing = 0;
		};
/* End PBXSourcesBuildPhase section */

/* Begin PBXVariantGroup section */
		CEBC43F028654F1E00B6BC82 /* Main.storyboard */ = {
			isa = PBXVariantGroup;
			children = (
				CEBC43F128654F1E00B6BC82 /* Base */,
			);
			name = Main.storyboard;
			sourceTree = "<group>";
		};
		CEBC43F528654F2000B6BC82 /* LaunchScreen.storyboard */ = {
			isa = PBXVariantGroup;
			children = (
				CEBC43F628654F2000B6BC82 /* Base */,
			);
			name = LaunchScreen.storyboard;
			sourceTree = "<group>";
		};
/* End PBXVariantGroup section */

/* Begin XCBuildConfiguration section */
		CEBC43F928654F2000B6BC82 /* Debug */ = {
			isa = XCBuildConfiguration;
			buildSettings = {
				ALWAYS_SEARCH_USER_PATHS = NO;
				CLANG_ANALYZER_NONNULL = YES;
				CLANG_ANALYZER_NUMBER_OBJECT_CONVERSION = YES_AGGRESSIVE;
				CLANG_CXX_LANGUAGE_STANDARD = "gnu++17";
				CLANG_ENABLE_MODULES = YES;
				CLANG_ENABLE_OBJC_ARC = YES;
				CLANG_ENABLE_OBJC_WEAK = YES;
				CLANG_WARN_BLOCK_CAPTURE_AUTORELEASING = YES;
				CLANG_WARN_BOOL_CONVERSION = YES;
				CLANG_WARN_COMMA = YES;
				CLANG_WARN_CONSTANT_CONVERSION = YES;
				CLANG_WARN_DEPRECATED_OBJC_IMPLEMENTATIONS = YES;
				CLANG_WARN_DIRECT_OBJC_ISA_USAGE = YES_ERROR;
				CLANG_WARN_DOCUMENTATION_COMMENTS = YES;
				CLANG_WARN_EMPTY_BODY = YES;
				CLANG_WARN_ENUM_CONVERSION = YES;
				CLANG_WARN_INFINITE_RECURSION = YES;
				CLANG_WARN_INT_CONVERSION = YES;
				CLANG_WARN_NON_LITERAL_NULL_CONVERSION = YES;
				CLANG_WARN_OBJC_IMPLICIT_RETAIN_SELF = YES;
				CLANG_WARN_OBJC_LITERAL_CONVERSION = YES;
				CLANG_WARN_OBJC_ROOT_CLASS = YES_ERROR;
				CLANG_WARN_QUOTED_INCLUDE_IN_FRAMEWORK_HEADER = YES;
				CLANG_WARN_RANGE_LOOP_ANALYSIS = YES;
				CLANG_WARN_STRICT_PROTOTYPES = YES;
				CLANG_WARN_SUSPICIOUS_MOVE = YES;
				CLANG_WARN_UNGUARDED_AVAILABILITY = YES_AGGRESSIVE;
				CLANG_WARN_UNREACHABLE_CODE = YES;
				CLANG_WARN__DUPLICATE_METHOD_MATCH = YES;
				COPY_PHASE_STRIP = NO;
				DEBUG_INFORMATION_FORMAT = dwarf;
				ENABLE_STRICT_OBJC_MSGSEND = YES;
				ENABLE_TESTABILITY = YES;
				GCC_C_LANGUAGE_STANDARD = gnu11;
				GCC_DYNAMIC_NO_PIC = NO;
				GCC_NO_COMMON_BLOCKS = YES;
				GCC_OPTIMIZATION_LEVEL = 0;
				GCC_PREPROCESSOR_DEFINITIONS = (
					"DEBUG=1",
					"$(inherited)",
				);
				GCC_WARN_64_TO_32_BIT_CONVERSION = YES;
				GCC_WARN_ABOUT_RETURN_TYPE = YES_ERROR;
				GCC_WARN_UNDECLARED_SELECTOR = YES;
				GCC_WARN_UNINITIALIZED_AUTOS = YES_AGGRESSIVE;
				GCC_WARN_UNUSED_FUNCTION = YES;
				GCC_WARN_UNUSED_VARIABLE = YES;
				IPHONEOS_DEPLOYMENT_TARGET = 15.4;
				MTL_ENABLE_DEBUG_INFO = INCLUDE_SOURCE;
				MTL_FAST_MATH = YES;
				ONLY_ACTIVE_ARCH = YES;
				SDKROOT = iphoneos;
				SWIFT_ACTIVE_COMPILATION_CONDITIONS = DEBUG;
				SWIFT_OPTIMIZATION_LEVEL = "-Onone";
			};
			name = Debug;
		};
		CEBC43FA28654F2000B6BC82 /* Release */ = {
			isa = XCBuildConfiguration;
			buildSettings = {
				ALWAYS_SEARCH_USER_PATHS = NO;
				CLANG_ANALYZER_NONNULL = YES;
				CLANG_ANALYZER_NUMBER_OBJECT_CONVERSION = YES_AGGRESSIVE;
				CLANG_CXX_LANGUAGE_STANDARD = "gnu++17";
				CLANG_ENABLE_MODULES = YES;
				CLANG_ENABLE_OBJC_ARC = YES;
				CLANG_ENABLE_OBJC_WEAK = YES;
				CLANG_WARN_BLOCK_CAPTURE_AUTORELEASING = YES;
				CLANG_WARN_BOOL_CONVERSION = YES;
				CLANG_WARN_COMMA = YES;
				CLANG_WARN_CONSTANT_CONVERSION = YES;
				CLANG_WARN_DEPRECATED_OBJC_IMPLEMENTATIONS = YES;
				CLANG_WARN_DIRECT_OBJC_ISA_USAGE = YES_ERROR;
				CLANG_WARN_DOCUMENTATION_COMMENTS = YES;
				CLANG_WARN_EMPTY_BODY = YES;
				CLANG_WARN_ENUM_CONVERSION = YES;
				CLANG_WARN_INFINITE_RECURSION = YES;
				CLANG_WARN_INT_CONVERSION = YES;
				CLANG_WARN_NON_LITERAL_NULL_CONVERSION = YES;
				CLANG_WARN_OBJC_IMPLICIT_RETAIN_SELF = YES;
				CLANG_WARN_OBJC_LITERAL_CONVERSION = YES;
				CLANG_WARN_OBJC_ROOT_CLASS = YES_ERROR;
				CLANG_WARN_QUOTED_INCLUDE_IN_FRAMEWORK_HEADER = YES;
				CLANG_WARN_RANGE_LOOP_ANALYSIS = YES;
				CLANG_WARN_STRICT_PROTOTYPES = YES;
				CLANG_WARN_SUSPICIOUS_MOVE = YES;
				CLANG_WARN_UNGUARDED_AVAILABILITY = YES_AGGRESSIVE;
				CLANG_WARN_UNREACHABLE_CODE = YES;
				CLANG_WARN__DUPLICATE_METHOD_MATCH = YES;
				COPY_PHASE_STRIP = NO;
				DEBUG_INFORMATION_FORMAT = "dwarf-with-dsym";
				ENABLE_NS_ASSERTIONS = NO;
				ENABLE_STRICT_OBJC_MSGSEND = YES;
				GCC_C_LANGUAGE_STANDARD = gnu11;
				GCC_NO_COMMON_BLOCKS = YES;
				GCC_WARN_64_TO_32_BIT_CONVERSION = YES;
				GCC_WARN_ABOUT_RETURN_TYPE = YES_ERROR;
				GCC_WARN_UNDECLARED_SELECTOR = YES;
				GCC_WARN_UNINITIALIZED_AUTOS = YES_AGGRESSIVE;
				GCC_WARN_UNUSED_FUNCTION = YES;
				GCC_WARN_UNUSED_VARIABLE = YES;
				IPHONEOS_DEPLOYMENT_TARGET = 15.4;
				MTL_ENABLE_DEBUG_INFO = NO;
				MTL_FAST_MATH = YES;
				SDKROOT = iphoneos;
				SWIFT_COMPILATION_MODE = wholemodule;
				SWIFT_OPTIMIZATION_LEVEL = "-O";
				VALIDATE_PRODUCT = YES;
			};
			name = Release;
		};
		CEBC43FC28654F2000B6BC82 /* Debug */ = {
			isa = XCBuildConfiguration;
			buildSettings = {
				ASSETCATALOG_COMPILER_APPICON_NAME = "AppIcon-1";
				ASSETCATALOG_COMPILER_GLOBAL_ACCENT_COLOR_NAME = AccentColor;
				ASSETCATALOG_COMPILER_INCLUDE_ALL_APPICON_ASSETS = YES;
				CODE_SIGN_STYLE = Automatic;
				CURRENT_PROJECT_VERSION = 1;
				DEVELOPMENT_TEAM = 2RH6V6Y4V2;
				GENERATE_INFOPLIST_FILE = YES;
				INFOPLIST_FILE = "List-Maker/Info.plist";
				INFOPLIST_KEY_CFBundleDisplayName = "List-Maker";
				INFOPLIST_KEY_UIApplicationSupportsIndirectInputEvents = YES;
				INFOPLIST_KEY_UILaunchStoryboardName = LaunchScreen;
				INFOPLIST_KEY_UIMainStoryboardFile = Main;
				INFOPLIST_KEY_UISupportedInterfaceOrientations_iPad = "UIInterfaceOrientationPortrait UIInterfaceOrientationPortraitUpsideDown UIInterfaceOrientationLandscapeLeft UIInterfaceOrientationLandscapeRight";
				INFOPLIST_KEY_UISupportedInterfaceOrientations_iPhone = "UIInterfaceOrientationPortrait UIInterfaceOrientationLandscapeLeft UIInterfaceOrientationLandscapeRight";
				IPHONEOS_DEPLOYMENT_TARGET = 15.0;
				LD_RUNPATH_SEARCH_PATHS = (
					"$(inherited)",
					"@executable_path/Frameworks",
				);
				MARKETING_VERSION = 1.0;
				PRODUCT_BUNDLE_IDENTIFIER = "com.harr1424.List-Maker";
				PRODUCT_NAME = "$(TARGET_NAME)";
				SWIFT_EMIT_LOC_STRINGS = YES;
				SWIFT_VERSION = 5.0;
				TARGETED_DEVICE_FAMILY = "1,2";
			};
			name = Debug;
		};
		CEBC43FD28654F2000B6BC82 /* Release */ = {
			isa = XCBuildConfiguration;
			buildSettings = {
				ASSETCATALOG_COMPILER_APPICON_NAME = "AppIcon-1";
				ASSETCATALOG_COMPILER_GLOBAL_ACCENT_COLOR_NAME = AccentColor;
				ASSETCATALOG_COMPILER_INCLUDE_ALL_APPICON_ASSETS = YES;
				CODE_SIGN_STYLE = Automatic;
				CURRENT_PROJECT_VERSION = 1;
				DEVELOPMENT_TEAM = 2RH6V6Y4V2;
				GENERATE_INFOPLIST_FILE = YES;
				INFOPLIST_FILE = "List-Maker/Info.plist";
				INFOPLIST_KEY_CFBundleDisplayName = "List-Maker";
				INFOPLIST_KEY_UIApplicationSupportsIndirectInputEvents = YES;
				INFOPLIST_KEY_UILaunchStoryboardName = LaunchScreen;
				INFOPLIST_KEY_UIMainStoryboardFile = Main;
				INFOPLIST_KEY_UISupportedInterfaceOrientations_iPad = "UIInterfaceOrientationPortrait UIInterfaceOrientationPortraitUpsideDown UIInterfaceOrientationLandscapeLeft UIInterfaceOrientationLandscapeRight";
				INFOPLIST_KEY_UISupportedInterfaceOrientations_iPhone = "UIInterfaceOrientationPortrait UIInterfaceOrientationLandscapeLeft UIInterfaceOrientationLandscapeRight";
				IPHONEOS_DEPLOYMENT_TARGET = 15.0;
				LD_RUNPATH_SEARCH_PATHS = (
					"$(inherited)",
					"@executable_path/Frameworks",
				);
				MARKETING_VERSION = 1.0;
				PRODUCT_BUNDLE_IDENTIFIER = "com.harr1424.List-Maker";
				PRODUCT_NAME = "$(TARGET_NAME)";
				SWIFT_EMIT_LOC_STRINGS = YES;
				SWIFT_VERSION = 5.0;
				TARGETED_DEVICE_FAMILY = "1,2";
			};
			name = Release;
		};
/* End XCBuildConfiguration section */

/* Begin XCConfigurationList section */
		CEBC43E228654F1E00B6BC82 /* Build configuration list for PBXProject "List-Maker" */ = {
			isa = XCConfigurationList;
			buildConfigurations = (
				CEBC43F928654F2000B6BC82 /* Debug */,
				CEBC43FA28654F2000B6BC82 /* Release */,
			);
			defaultConfigurationIsVisible = 0;
			defaultConfigurationName = Release;
		};
		CEBC43FB28654F2000B6BC82 /* Build configuration list for PBXNativeTarget "List-Maker" */ = {
			isa = XCConfigurationList;
			buildConfigurations = (
				CEBC43FC28654F2000B6BC82 /* Debug */,
				CEBC43FD28654F2000B6BC82 /* Release */,
			);
			defaultConfigurationIsVisible = 0;
			defaultConfigurationName = Release;
		};
/* End XCConfigurationList section */

/* Begin XCRemoteSwiftPackageReference section */
		CE589E432867B6C10001324C /* XCRemoteSwiftPackageReference "realm-swift" */ = {
			isa = XCRemoteSwiftPackageReference;
			repositoryURL = "https://github.com/realm/realm-swift.git";
			requirement = {
				branch = master;
				kind = branch;
			};
		};
/* End XCRemoteSwiftPackageReference section */

/* Begin XCSwiftPackageProductDependency section */
		CE589E442867B6C10001324C /* Realm */ = {
			isa = XCSwiftPackageProductDependency;
			package = CE589E432867B6C10001324C /* XCRemoteSwiftPackageReference "realm-swift" */;
			productName = Realm;
		};
		CE589E462867B6C10001324C /* RealmSwift */ = {
			isa = XCSwiftPackageProductDependency;
			package = CE589E432867B6C10001324C /* XCRemoteSwiftPackageReference "realm-swift" */;
			productName = RealmSwift;
		};
/* End XCSwiftPackageProductDependency section */
	};
	rootObject = CEBC43DF28654F1E00B6BC82 /* Project object */;
}
